
Microsoft Visual Studio Solution File, Format Version 12.00
# Visual Studio Version 16
VisualStudioVersion = 16.0.31702.278
MinimumVisualStudioVersion = 10.0.40219.1
Project("{2150E333-8FDC-42A3-9474-1A3956D46DE8}") = "Tests", "Tests", "{BFDF6DF6-9C0A-4030-B9CF-CE4B986D85D0}"
EndProject
Project("{2150E333-8FDC-42A3-9474-1A3956D46DE8}") = "Domain", "Domain", "{32615226-456D-4E3B-B747-30A3BBC88CDE}"
EndProject
Project("{9A19103F-16F7-4668-BE54-9A1E7A4F7556}") = "SC.ProyectoAPIV3Core2.Domain.UseCase.Tests", "SC.ProyectoAPIV3Core2\Tests\Domain\SC.ProyectoAPIV3Core2.Domain.UseCase.Tests\SC.ProyectoAPIV3Core2.Domain.UseCase.Tests.csproj", "{286664B3-9B69-4107-803A-E0DD6600B28A}"
EndProject
Project("{9A19103F-16F7-4668-BE54-9A1E7A4F7556}") = "SC.ProyectoAPIV3Core2.Domain.Entities.Tests", "SC.ProyectoAPIV3Core2\Tests\Domain\SC.ProyectoAPIV3Core2.Domain.Entities.Tests\SC.ProyectoAPIV3Core2.Domain.Entities.Tests.csproj", "{0B337D35-AED8-43F3-83B0-DE58C7D26D3C}"
EndProject
Project("{2150E333-8FDC-42A3-9474-1A3956D46DE8}") = "Infrastructure", "Infrastructure", "{14581624-E469-4C6C-9598-56D7E5EAFC46}"
EndProject
Project("{2150E333-8FDC-42A3-9474-1A3956D46DE8}") = "EntryPoints", "EntryPoints", "{4FAD9326-FA42-42D0-9136-C8F000F61EB2}"
EndProject
Project("{9A19103F-16F7-4668-BE54-9A1E7A4F7556}") = "SC.ProyectoAPIV3Core2.EntryPoints.ReactWeb.Tests", "SC.ProyectoAPIV3Core2\Tests\Infrastructure\EntryPoints\SC.ProyectoAPIV3Core2.EntryPoints.ReactWeb.Tests\SC.ProyectoAPIV3Core2.EntryPoints.ReactWeb.Tests.csproj", "{D1F808AF-09DA-4B24-83DA-1256C8FABE3A}"
EndProject
Project("{2150E333-8FDC-42A3-9474-1A3956D46DE8}") = "DrivenAdapters", "DrivenAdapters", "{80BA0142-C9D2-4FC7-9388-89C11A173F9D}"
EndProject
Project("{9A19103F-16F7-4668-BE54-9A1E7A4F7556}") = "SC.ProyectoAPIV3Core2.DrivenAdapters.Mongo.Tests", "SC.ProyectoAPIV3Core2\Tests\Infrastructure\DrivenAdapters\SC.ProyectoAPIV3Core2.DrivenAdapters.Mongo.Tests\SC.ProyectoAPIV3Core2.DrivenAdapters.Mongo.Tests.csproj", "{A598E87F-5B73-408B-8621-C6924BFE8066}"
EndProject
Project("{2150E333-8FDC-42A3-9474-1A3956D46DE8}") = "src", "src", "{9A0169C8-E069-411F-9D38-A40C18E68BD8}"
EndProject
Project("{2150E333-8FDC-42A3-9474-1A3956D46DE8}") = "Domain", "Domain", "{76E9CE26-6A63-40A6-8173-83A2D1F85DF1}"
EndProject
Project("{9A19103F-16F7-4668-BE54-9A1E7A4F7556}") = "SC.ProyectoAPIV3Core2.Domain.UseCase", "SC.ProyectoAPIV3Core2\src\Domain\SC.ProyectoAPIV3Core2.Domain.UseCase\SC.ProyectoAPIV3Core2.Domain.UseCase.csproj", "{0D69CD83-1282-44C1-8210-8D7A1C496926}"
EndProject
Project("{9A19103F-16F7-4668-BE54-9A1E7A4F7556}") = "SC.ProyectoAPIV3Core2.Domain.Entities", "SC.ProyectoAPIV3Core2\src\Domain\SC.ProyectoAPIV3Core2.Domain.Entities\SC.ProyectoAPIV3Core2.Domain.Entities.csproj", "{A101DBD3-99A7-4443-AEF6-2330C9F45D54}"
EndProject
Project("{2150E333-8FDC-42A3-9474-1A3956D46DE8}") = "Applications", "Applications", "{9E1D1B7E-A022-48AA-B920-EAD7CC4776F6}"
EndProject
Project("{9A19103F-16F7-4668-BE54-9A1E7A4F7556}") = "SC.ProyectoAPIV3Core2.AppServices", "SC.ProyectoAPIV3Core2\src\Applications\SC.ProyectoAPIV3Core2.AppServices\SC.ProyectoAPIV3Core2.AppServices.csproj", "{EE1FC2C0-90D2-44B7-BA84-4A64C9A05A87}"
EndProject
Project("{2150E333-8FDC-42A3-9474-1A3956D46DE8}") = "Infrastructure", "Infrastructure", "{ECD722E3-553C-43E9-84EA-708BE1CA9D70}"
EndProject
Project("{2150E333-8FDC-42A3-9474-1A3956D46DE8}") = "EntryPoints", "EntryPoints", "{55EF08A8-62B5-4C8A-BBDA-94254BF03FF0}"
EndProject
Project("{9A19103F-16F7-4668-BE54-9A1E7A4F7556}") = "SC.ProyectoAPIV3Core2.EntryPoints.ReactiveWeb", "SC.ProyectoAPIV3Core2\src\Infrastructure\EntryPoints\SC.ProyectoAPIV3Core2.EntryPoints.ReactiveWeb\SC.ProyectoAPIV3Core2.EntryPoints.ReactiveWeb.csproj", "{1FABA079-C745-4513-B66E-76803DDFD240}"
EndProject
Project("{2150E333-8FDC-42A3-9474-1A3956D46DE8}") = "DrivenAdapters", "DrivenAdapters", "{C4C43488-A92F-42E0-95B5-29E4F33176E1}"
EndProject
Project("{9A19103F-16F7-4668-BE54-9A1E7A4F7556}") = "SC.ProyectoAPIV3Core2.DrivenAdapters.Mongo", "SC.ProyectoAPIV3Core2\src\Infrastructure\DrivenAdapters\SC.ProyectoAPIV3Core2.DrivenAdapters.Mongo\SC.ProyectoAPIV3Core2.DrivenAdapters.Mongo.csproj", "{F7E9DE4B-F1D2-43F5-AABF-395100895D30}"
EndProject
Project("{2150E333-8FDC-42A3-9474-1A3956D46DE8}") = "Helpers", "Helpers", "{9C20C617-F6C4-462B-A409-ADC5C0E88125}"
EndProject
Project("{9A19103F-16F7-4668-BE54-9A1E7A4F7556}") = "SC.ProyectoAPIV3Core2.Helpers.Commons", "SC.ProyectoAPIV3Core2\src\Infrastructure\Helpers\SC.ProyectoAPIV3Core2.Helpers.Commons\SC.ProyectoAPIV3Core2.Helpers.Commons.csproj", "{F313C3EA-A4C6-4109-BC19-29442A0AB10D}"
EndProject
Project("{9A19103F-16F7-4668-BE54-9A1E7A4F7556}") = "SC.ProyectoAPIV3Core2.Helpers.ObjectsUtils", "SC.ProyectoAPIV3Core2\src\Infrastructure\Helpers\SC.ProyectoAPIV3Core2.Helpers.ObjectsUtils\SC.ProyectoAPIV3Core2.Helpers.ObjectsUtils.csproj", "{CF8B47EF-7B8C-437F-86D9-70A2FD2A6B6C}"
EndProject
Project("{9A19103F-16F7-4668-BE54-9A1E7A4F7556}") = "SC.ProyectoAPIV3Core2.DrivenAdapters.Sql", "SC.ProyectoAPIV3Core2\src\Infrastructure\DrivenAdapters\SC.ProyectoAPIV3Core2.DrivenAdapters.Sql\SC.ProyectoAPIV3Core2.DrivenAdapters.Sql.csproj", "{A431B35B-E666-4867-8184-5C897BC9EDB9}"
EndProject
Project("{9A19103F-16F7-4668-BE54-9A1E7A4F7556}") = "SC.ProyectoAPIV3Core2.DrivenAdapters.Sql.Tests", "SC.ProyectoAPIV3Core2\Tests\Infrastructure\DrivenAdapters\SC.ProyectoAPIV3Core2.DrivenAdapters.Sql.Tests\SC.ProyectoAPIV3Core2.DrivenAdapters.Sql.Tests.csproj", "{539318C0-7316-4CC5-8355-E496708438BE}"
EndProject
Project("{2150E333-8FDC-42A3-9474-1A3956D46DE8}") = "Helpers", "Helpers", "{BE683AEE-895F-4977-BABB-6AB44C118B4E}"
EndProject
Project("{9A19103F-16F7-4668-BE54-9A1E7A4F7556}") = "SC.ProyectoAPIV3Core2.Helpers.Commons", "SC.ProyectoAPIV3Core2\Tests\Helpers\SC.ProyectoAPIV3Core2.Helpers.Commons\SC.ProyectoAPIV3Core2.Helpers.Commons.csproj", "{B8FCDE02-ACF3-4E58-B06C-A780C63238F8}"
EndProject
Global
	GlobalSection(SolutionConfigurationPlatforms) = preSolution
		Debug|Any CPU = Debug|Any CPU
		Release|Any CPU = Release|Any CPU
	EndGlobalSection
	GlobalSection(ProjectConfigurationPlatforms) = postSolution
		{286664B3-9B69-4107-803A-E0DD6600B28A}.Debug|Any CPU.ActiveCfg = Debug|Any CPU
		{286664B3-9B69-4107-803A-E0DD6600B28A}.Debug|Any CPU.Build.0 = Debug|Any CPU
		{286664B3-9B69-4107-803A-E0DD6600B28A}.Release|Any CPU.ActiveCfg = Release|Any CPU
		{286664B3-9B69-4107-803A-E0DD6600B28A}.Release|Any CPU.Build.0 = Release|Any CPU
		{0B337D35-AED8-43F3-83B0-DE58C7D26D3C}.Debug|Any CPU.ActiveCfg = Debug|Any CPU
		{0B337D35-AED8-43F3-83B0-DE58C7D26D3C}.Debug|Any CPU.Build.0 = Debug|Any CPU
		{0B337D35-AED8-43F3-83B0-DE58C7D26D3C}.Release|Any CPU.ActiveCfg = Release|Any CPU
		{0B337D35-AED8-43F3-83B0-DE58C7D26D3C}.Release|Any CPU.Build.0 = Release|Any CPU
		{D1F808AF-09DA-4B24-83DA-1256C8FABE3A}.Debug|Any CPU.ActiveCfg = Debug|Any CPU
		{D1F808AF-09DA-4B24-83DA-1256C8FABE3A}.Debug|Any CPU.Build.0 = Debug|Any CPU
		{D1F808AF-09DA-4B24-83DA-1256C8FABE3A}.Release|Any CPU.ActiveCfg = Release|Any CPU
		{D1F808AF-09DA-4B24-83DA-1256C8FABE3A}.Release|Any CPU.Build.0 = Release|Any CPU
		{A598E87F-5B73-408B-8621-C6924BFE8066}.Debug|Any CPU.ActiveCfg = Debug|Any CPU
		{A598E87F-5B73-408B-8621-C6924BFE8066}.Debug|Any CPU.Build.0 = Debug|Any CPU
		{A598E87F-5B73-408B-8621-C6924BFE8066}.Release|Any CPU.ActiveCfg = Release|Any CPU
		{A598E87F-5B73-408B-8621-C6924BFE8066}.Release|Any CPU.Build.0 = Release|Any CPU
		{0D69CD83-1282-44C1-8210-8D7A1C496926}.Debug|Any CPU.ActiveCfg = Debug|Any CPU
		{0D69CD83-1282-44C1-8210-8D7A1C496926}.Debug|Any CPU.Build.0 = Debug|Any CPU
		{0D69CD83-1282-44C1-8210-8D7A1C496926}.Release|Any CPU.ActiveCfg = Release|Any CPU
		{0D69CD83-1282-44C1-8210-8D7A1C496926}.Release|Any CPU.Build.0 = Release|Any CPU
		{A101DBD3-99A7-4443-AEF6-2330C9F45D54}.Debug|Any CPU.ActiveCfg = Debug|Any CPU
		{A101DBD3-99A7-4443-AEF6-2330C9F45D54}.Debug|Any CPU.Build.0 = Debug|Any CPU
		{A101DBD3-99A7-4443-AEF6-2330C9F45D54}.Release|Any CPU.ActiveCfg = Release|Any CPU
		{A101DBD3-99A7-4443-AEF6-2330C9F45D54}.Release|Any CPU.Build.0 = Release|Any CPU
		{EE1FC2C0-90D2-44B7-BA84-4A64C9A05A87}.Debug|Any CPU.ActiveCfg = Debug|Any CPU
		{EE1FC2C0-90D2-44B7-BA84-4A64C9A05A87}.Debug|Any CPU.Build.0 = Debug|Any CPU
		{EE1FC2C0-90D2-44B7-BA84-4A64C9A05A87}.Release|Any CPU.ActiveCfg = Release|Any CPU
		{EE1FC2C0-90D2-44B7-BA84-4A64C9A05A87}.Release|Any CPU.Build.0 = Release|Any CPU
		{1FABA079-C745-4513-B66E-76803DDFD240}.Debug|Any CPU.ActiveCfg = Debug|Any CPU
		{1FABA079-C745-4513-B66E-76803DDFD240}.Debug|Any CPU.Build.0 = Debug|Any CPU
		{1FABA079-C745-4513-B66E-76803DDFD240}.Release|Any CPU.ActiveCfg = Release|Any CPU
		{1FABA079-C745-4513-B66E-76803DDFD240}.Release|Any CPU.Build.0 = Release|Any CPU
		{F7E9DE4B-F1D2-43F5-AABF-395100895D30}.Debug|Any CPU.ActiveCfg = Debug|Any CPU
		{F7E9DE4B-F1D2-43F5-AABF-395100895D30}.Debug|Any CPU.Build.0 = Debug|Any CPU
		{F7E9DE4B-F1D2-43F5-AABF-395100895D30}.Release|Any CPU.ActiveCfg = Release|Any CPU
		{F7E9DE4B-F1D2-43F5-AABF-395100895D30}.Release|Any CPU.Build.0 = Release|Any CPU
		{F313C3EA-A4C6-4109-BC19-29442A0AB10D}.Debug|Any CPU.ActiveCfg = Debug|Any CPU
		{F313C3EA-A4C6-4109-BC19-29442A0AB10D}.Debug|Any CPU.Build.0 = Debug|Any CPU
		{F313C3EA-A4C6-4109-BC19-29442A0AB10D}.Release|Any CPU.ActiveCfg = Release|Any CPU
		{F313C3EA-A4C6-4109-BC19-29442A0AB10D}.Release|Any CPU.Build.0 = Release|Any CPU
		{CF8B47EF-7B8C-437F-86D9-70A2FD2A6B6C}.Debug|Any CPU.ActiveCfg = Debug|Any CPU
		{CF8B47EF-7B8C-437F-86D9-70A2FD2A6B6C}.Debug|Any CPU.Build.0 = Debug|Any CPU
		{CF8B47EF-7B8C-437F-86D9-70A2FD2A6B6C}.Release|Any CPU.ActiveCfg = Release|Any CPU
		{CF8B47EF-7B8C-437F-86D9-70A2FD2A6B6C}.Release|Any CPU.Build.0 = Release|Any CPU
		{A431B35B-E666-4867-8184-5C897BC9EDB9}.Debug|Any CPU.ActiveCfg = Debug|Any CPU
		{A431B35B-E666-4867-8184-5C897BC9EDB9}.Debug|Any CPU.Build.0 = Debug|Any CPU
		{A431B35B-E666-4867-8184-5C897BC9EDB9}.Release|Any CPU.ActiveCfg = Release|Any CPU
		{A431B35B-E666-4867-8184-5C897BC9EDB9}.Release|Any CPU.Build.0 = Release|Any CPU
		{539318C0-7316-4CC5-8355-E496708438BE}.Debug|Any CPU.ActiveCfg = Debug|Any CPU
		{539318C0-7316-4CC5-8355-E496708438BE}.Debug|Any CPU.Build.0 = Debug|Any CPU
		{539318C0-7316-4CC5-8355-E496708438BE}.Release|Any CPU.ActiveCfg = Release|Any CPU
		{539318C0-7316-4CC5-8355-E496708438BE}.Release|Any CPU.Build.0 = Release|Any CPU
		{B8FCDE02-ACF3-4E58-B06C-A780C63238F8}.Debug|Any CPU.ActiveCfg = Debug|Any CPU
		{B8FCDE02-ACF3-4E58-B06C-A780C63238F8}.Debug|Any CPU.Build.0 = Debug|Any CPU
		{B8FCDE02-ACF3-4E58-B06C-A780C63238F8}.Release|Any CPU.ActiveCfg = Release|Any CPU
		{B8FCDE02-ACF3-4E58-B06C-A780C63238F8}.Release|Any CPU.Build.0 = Release|Any CPU
	EndGlobalSection
	GlobalSection(SolutionProperties) = preSolution
		HideSolutionNode = FALSE
	EndGlobalSection
	GlobalSection(NestedProjects) = preSolution
		{32615226-456D-4E3B-B747-30A3BBC88CDE} = {BFDF6DF6-9C0A-4030-B9CF-CE4B986D85D0}
		{286664B3-9B69-4107-803A-E0DD6600B28A} = {32615226-456D-4E3B-B747-30A3BBC88CDE}
		{0B337D35-AED8-43F3-83B0-DE58C7D26D3C} = {32615226-456D-4E3B-B747-30A3BBC88CDE}
		{14581624-E469-4C6C-9598-56D7E5EAFC46} = {BFDF6DF6-9C0A-4030-B9CF-CE4B986D85D0}
		{4FAD9326-FA42-42D0-9136-C8F000F61EB2} = {14581624-E469-4C6C-9598-56D7E5EAFC46}
		{D1F808AF-09DA-4B24-83DA-1256C8FABE3A} = {4FAD9326-FA42-42D0-9136-C8F000F61EB2}
		{80BA0142-C9D2-4FC7-9388-89C11A173F9D} = {14581624-E469-4C6C-9598-56D7E5EAFC46}
		{A598E87F-5B73-408B-8621-C6924BFE8066} = {80BA0142-C9D2-4FC7-9388-89C11A173F9D}
		{76E9CE26-6A63-40A6-8173-83A2D1F85DF1} = {9A0169C8-E069-411F-9D38-A40C18E68BD8}
		{0D69CD83-1282-44C1-8210-8D7A1C496926} = {76E9CE26-6A63-40A6-8173-83A2D1F85DF1}
		{A101DBD3-99A7-4443-AEF6-2330C9F45D54} = {76E9CE26-6A63-40A6-8173-83A2D1F85DF1}
		{9E1D1B7E-A022-48AA-B920-EAD7CC4776F6} = {9A0169C8-E069-411F-9D38-A40C18E68BD8}
		{EE1FC2C0-90D2-44B7-BA84-4A64C9A05A87} = {9E1D1B7E-A022-48AA-B920-EAD7CC4776F6}
		{ECD722E3-553C-43E9-84EA-708BE1CA9D70} = {9A0169C8-E069-411F-9D38-A40C18E68BD8}
		{55EF08A8-62B5-4C8A-BBDA-94254BF03FF0} = {ECD722E3-553C-43E9-84EA-708BE1CA9D70}
		{1FABA079-C745-4513-B66E-76803DDFD240} = {55EF08A8-62B5-4C8A-BBDA-94254BF03FF0}
		{C4C43488-A92F-42E0-95B5-29E4F33176E1} = {ECD722E3-553C-43E9-84EA-708BE1CA9D70}
		{F7E9DE4B-F1D2-43F5-AABF-395100895D30} = {C4C43488-A92F-42E0-95B5-29E4F33176E1}
		{9C20C617-F6C4-462B-A409-ADC5C0E88125} = {ECD722E3-553C-43E9-84EA-708BE1CA9D70}
		{F313C3EA-A4C6-4109-BC19-29442A0AB10D} = {9C20C617-F6C4-462B-A409-ADC5C0E88125}
		{CF8B47EF-7B8C-437F-86D9-70A2FD2A6B6C} = {9C20C617-F6C4-462B-A409-ADC5C0E88125}
		{A431B35B-E666-4867-8184-5C897BC9EDB9} = {C4C43488-A92F-42E0-95B5-29E4F33176E1}
		{539318C0-7316-4CC5-8355-E496708438BE} = {80BA0142-C9D2-4FC7-9388-89C11A173F9D}
		{BE683AEE-895F-4977-BABB-6AB44C118B4E} = {14581624-E469-4C6C-9598-56D7E5EAFC46}
		{B8FCDE02-ACF3-4E58-B06C-A780C63238F8} = {BE683AEE-895F-4977-BABB-6AB44C118B4E}
	EndGlobalSection
	GlobalSection(ExtensibilityGlobals) = postSolution
		SolutionGuid = {137D1E5C-A254-40AF-B055-4E4F082E39BF}
	EndGlobalSection
EndGlobal
